
Microsoft Visual Studio Solution File, Format Version 12.00
# Visual Studio Version 16
VisualStudioVersion = 16.0.31112.23
MinimumVisualStudioVersion = 10.0.40219.1
Project("{F184B08F-C81C-45F6-A57F-5ABD9991F28F}") = "dbs_perpus5", "dbs_perpus5\dbs_perpus5.vbproj", "{1D6D2618-A1FE-4208-8C6E-53A39FA71225}"
EndProject
Global
	GlobalSection(SolutionConfigurationPlatforms) = preSolution
		Debug|Any CPU = Debug|Any CPU
		Release|Any CPU = Release|Any CPU
	EndGlobalSection
	GlobalSection(ProjectConfigurationPlatforms) = postSolution
		{1D6D2618-A1FE-4208-8C6E-53A39FA71225}.Debug|Any CPU.ActiveCfg = Debug|Any CPU
		{1D6D2618-A1FE-4208-8C6E-53A39FA71225}.Debug|Any CPU.Build.0 = Debug|Any CPU
		{1D6D2618-A1FE-4208-8C6E-53A39FA71225}.Release|Any CPU.ActiveCfg = Release|Any CPU
		{1D6D2618-A1FE-4208-8C6E-53A39FA71225}.Release|Any CPU.Build.0 = Release|Any CPU
	EndGlobalSection
	GlobalSection(SolutionProperties) = preSolution
		HideSolutionNode = FALSE
	EndGlobalSection
	GlobalSection(ExtensibilityGlobals) = postSolution
		SolutionGuid = {9125B9BA-991C-4156-97EA-21594F3F64E8}
	EndGlobalSection
EndGlobal
